
Microsoft Visual Studio Solution File, Format Version 12.00
# Visual Studio Version 16
VisualStudioVersion = 16.0.31025.194
MinimumVisualStudioVersion = 10.0.40219.1
Project("{FAE04EC0-301F-11D3-BF4B-00C04F79EFBC}") = "Connected", "Connected\Connected.csproj", "{7695AF87-96E7-406F-84EF-406D0B3C1C07}"
EndProject
Global
	GlobalSection(SolutionConfigurationPlatforms) = preSolution
		Debug|Any CPU = Debug|Any CPU
		Release|Any CPU = Release|Any CPU
	EndGlobalSection
	GlobalSection(ProjectConfigurationPlatforms) = postSolution
		{7695AF87-96E7-406F-84EF-406D0B3C1C07}.Debug|Any CPU.ActiveCfg = Debug|Any CPU
		{7695AF87-96E7-406F-84EF-406D0B3C1C07}.Debug|Any CPU.Build.0 = Debug|Any CPU
		{7695AF87-96E7-406F-84EF-406D0B3C1C07}.Release|Any CPU.ActiveCfg = Release|Any CPU
		{7695AF87-96E7-406F-84EF-406D0B3C1C07}.Release|Any CPU.Build.0 = Release|Any CPU
	EndGlobalSection
	GlobalSection(SolutionProperties) = preSolution
		HideSolutionNode = FALSE
	EndGlobalSection
	GlobalSection(ExtensibilityGlobals) = postSolution
		SolutionGuid = {66A6CAC1-6052-4DE7-A6CC-6CA495DA228E}
	EndGlobalSection
EndGlobal
